
Microsoft Visual Studio Solution File, Format Version 12.00
# Visual Studio Version 17
VisualStudioVersion = 17.11.35222.181
MinimumVisualStudioVersion = 10.0.40219.1
Project("{9A19103F-16F7-4668-BE54-9A1E7A4F7556}") = "KutuphaneOtomasyon", "KutuphaneOtomasyon\KutuphaneOtomasyon.csproj", "{91C8C9AE-255A-4845-B773-EB5CA3B4365B}"
EndProject
Project("{FAE04EC0-301F-11D3-BF4B-00C04F79EFBC}") = "Demo1", "Demo1\Demo1.csproj", "{3C5118B5-70EF-4F82-B2ED-6D9E2FC92033}"
EndProject
Global
	GlobalSection(SolutionConfigurationPlatforms) = preSolution
		Debug|Any CPU = Debug|Any CPU
		Release|Any CPU = Release|Any CPU
	EndGlobalSection
	GlobalSection(ProjectConfigurationPlatforms) = postSolution
		{91C8C9AE-255A-4845-B773-EB5CA3B4365B}.Debug|Any CPU.ActiveCfg = Debug|Any CPU
		{91C8C9AE-255A-4845-B773-EB5CA3B4365B}.Debug|Any CPU.Build.0 = Debug|Any CPU
		{91C8C9AE-255A-4845-B773-EB5CA3B4365B}.Release|Any CPU.ActiveCfg = Release|Any CPU
		{91C8C9AE-255A-4845-B773-EB5CA3B4365B}.Release|Any CPU.Build.0 = Release|Any CPU
		{3C5118B5-70EF-4F82-B2ED-6D9E2FC92033}.Debug|Any CPU.ActiveCfg = Debug|Any CPU
		{3C5118B5-70EF-4F82-B2ED-6D9E2FC92033}.Debug|Any CPU.Build.0 = Debug|Any CPU
		{3C5118B5-70EF-4F82-B2ED-6D9E2FC92033}.Release|Any CPU.ActiveCfg = Release|Any CPU
		{3C5118B5-70EF-4F82-B2ED-6D9E2FC92033}.Release|Any CPU.Build.0 = Release|Any CPU
	EndGlobalSection
	GlobalSection(SolutionProperties) = preSolution
		HideSolutionNode = FALSE
	EndGlobalSection
	GlobalSection(ExtensibilityGlobals) = postSolution
		SolutionGuid = {BA4E8202-5F7C-41CA-8662-71BA60312057}
	EndGlobalSection
EndGlobal
